
Microsoft Visual Studio Solution File, Format Version 12.00
# Visual Studio Version 17
VisualStudioVersion = 17.4.33213.308
MinimumVisualStudioVersion = 10.0.40219.1
Project("{FAE04EC0-301F-11D3-BF4B-00C04F79EFBC}") = "PostsUser", "PostsUser\PostsUser.csproj", "{34643646-9BB2-4C46-B32E-C3ABC16BD88B}"
EndProject
Global
	GlobalSection(SolutionConfigurationPlatforms) = preSolution
		Debug|Any CPU = Debug|Any CPU
		Release|Any CPU = Release|Any CPU
	EndGlobalSection
	GlobalSection(ProjectConfigurationPlatforms) = postSolution
		{34643646-9BB2-4C46-B32E-C3ABC16BD88B}.Debug|Any CPU.ActiveCfg = Debug|Any CPU
		{34643646-9BB2-4C46-B32E-C3ABC16BD88B}.Debug|Any CPU.Build.0 = Debug|Any CPU
		{34643646-9BB2-4C46-B32E-C3ABC16BD88B}.Release|Any CPU.ActiveCfg = Release|Any CPU
		{34643646-9BB2-4C46-B32E-C3ABC16BD88B}.Release|Any CPU.Build.0 = Release|Any CPU
	EndGlobalSection
	GlobalSection(SolutionProperties) = preSolution
		HideSolutionNode = FALSE
	EndGlobalSection
	GlobalSection(ExtensibilityGlobals) = postSolution
		SolutionGuid = {7D2ABC99-D122-4A6A-A78E-1F3278B9E064}
	EndGlobalSection
EndGlobal
